
Microsoft Visual Studio Solution File, Format Version 12.00
# Visual Studio 15
VisualStudioVersion = 15.0.27703.2018
MinimumVisualStudioVersion = 10.0.40219.1
Project("{FAE04EC0-301F-11D3-BF4B-00C04F79EFBC}") = "UCMSAPI", "UCMSAPI\UCMSAPI.csproj", "{967D8F0F-4724-4CE5-AAE5-4A359285A767}"
EndProject
Global
	GlobalSection(SolutionConfigurationPlatforms) = preSolution
		Debug|Any CPU = Debug|Any CPU
		Release|Any CPU = Release|Any CPU
	EndGlobalSection
	GlobalSection(ProjectConfigurationPlatforms) = postSolution
		{967D8F0F-4724-4CE5-AAE5-4A359285A767}.Debug|Any CPU.ActiveCfg = Debug|Any CPU
		{967D8F0F-4724-4CE5-AAE5-4A359285A767}.Debug|Any CPU.Build.0 = Debug|Any CPU
		{967D8F0F-4724-4CE5-AAE5-4A359285A767}.Release|Any CPU.ActiveCfg = Release|Any CPU
		{967D8F0F-4724-4CE5-AAE5-4A359285A767}.Release|Any CPU.Build.0 = Release|Any CPU
	EndGlobalSection
	GlobalSection(SolutionProperties) = preSolution
		HideSolutionNode = FALSE
	EndGlobalSection
	GlobalSection(ExtensibilityGlobals) = postSolution
		SolutionGuid = {7C1F74CA-7979-418F-9D8A-223E66EBE3B5}
	EndGlobalSection
EndGlobal
